
Microsoft Visual Studio Solution File, Format Version 12.00
# Visual Studio 15
VisualStudioVersion = 15.0.26430.14
MinimumVisualStudioVersion = 10.0.40219.1
Project("{2150E333-8FDC-42A3-9474-1A3956D46DE8}") = "Core", "Core", "{A8D7BAB1-9610-45CD-9BD7-25DEAE5D2974}"
EndProject
Project("{2150E333-8FDC-42A3-9474-1A3956D46DE8}") = "Spider", "Spider", "{58C7D44A-A9F6-4993-A8AF-ED42E1351043}"
EndProject
Project("{FAE04EC0-301F-11D3-BF4B-00C04F79EFBC}") = "DHTSpider.Client.Console", "DHTSpider.Client.Console\DHTSpider.Client.Console.csproj", "{D77C44F8-3D53-4383-AD63-1FF45048A059}"
EndProject
Project("{FAE04EC0-301F-11D3-BF4B-00C04F79EFBC}") = "DHTSpider.Client.WindowsService", "DHTSpider.Client.WindowsService\DHTSpider.Client.WindowsService.csproj", "{27DC5759-DEFE-4816-BED2-55BD12D9E966}"
EndProject
Project("{2150E333-8FDC-42A3-9474-1A3956D46DE8}") = "Test", "Test", "{C612AA2D-0DF5-4E0B-99D4-E1A7D2245ACE}"
EndProject
Project("{FAE04EC0-301F-11D3-BF4B-00C04F79EFBC}") = "Tancoder.Torrent", "Tancoder.Torrent\Tancoder.Torrent.csproj", "{B3FDEA8E-20F3-4BE3-B73A-505B45BA9501}"
EndProject
Project("{FAE04EC0-301F-11D3-BF4B-00C04F79EFBC}") = "DHTSpider.Core.Spider", "DHTSpider.Core.Spider\DHTSpider.Core.Spider.csproj", "{236FAFD0-C812-456B-BB9E-3D975B21801A}"
EndProject
Project("{FAE04EC0-301F-11D3-BF4B-00C04F79EFBC}") = "DHTSpider.Test", "DHTSpider.Test\DHTSpider.Test.csproj", "{CA3A04F3-51F2-43F5-90BD-14A0BF71CFBB}"
EndProject
Project("{2150E333-8FDC-42A3-9474-1A3956D46DE8}") = "Cache", "Cache", "{5822D924-D506-42FF-9BBD-16F68115660C}"
EndProject
Project("{2150E333-8FDC-42A3-9474-1A3956D46DE8}") = "Store", "Store", "{4F51DB69-355D-4B3A-A866-3FAC6BE5826E}"
EndProject
Project("{FAE04EC0-301F-11D3-BF4B-00C04F79EFBC}") = "DHTSpider.Cache.Memory", "DHTSpider.Cache.Memory\DHTSpider.Cache.Memory.csproj", "{9C996D8B-6C96-4FE9-B225-D47E73A061C5}"
EndProject
Project("{FAE04EC0-301F-11D3-BF4B-00C04F79EFBC}") = "DHTSpider.Cache.Redis", "DHTSpider.Cache.Redis\DHTSpider.Cache.Redis.csproj", "{7DA7CB3F-399D-43E6-A73B-5AE68B766B11}"
EndProject
Project("{FAE04EC0-301F-11D3-BF4B-00C04F79EFBC}") = "DHTSpider.Store.ES", "DHTSpider.Store.ES\DHTSpider.Store.ES.csproj", "{7612896C-E2F5-45C9-84E5-0EE72D3DAA6A}"
EndProject
Global
	GlobalSection(SolutionConfigurationPlatforms) = preSolution
		Debug|Any CPU = Debug|Any CPU
		Release|Any CPU = Release|Any CPU
	EndGlobalSection
	GlobalSection(ProjectConfigurationPlatforms) = postSolution
		{D77C44F8-3D53-4383-AD63-1FF45048A059}.Debug|Any CPU.ActiveCfg = Debug|Any CPU
		{D77C44F8-3D53-4383-AD63-1FF45048A059}.Debug|Any CPU.Build.0 = Debug|Any CPU
		{D77C44F8-3D53-4383-AD63-1FF45048A059}.Release|Any CPU.ActiveCfg = Release|Any CPU
		{D77C44F8-3D53-4383-AD63-1FF45048A059}.Release|Any CPU.Build.0 = Release|Any CPU
		{27DC5759-DEFE-4816-BED2-55BD12D9E966}.Debug|Any CPU.ActiveCfg = Debug|Any CPU
		{27DC5759-DEFE-4816-BED2-55BD12D9E966}.Debug|Any CPU.Build.0 = Debug|Any CPU
		{27DC5759-DEFE-4816-BED2-55BD12D9E966}.Release|Any CPU.ActiveCfg = Release|Any CPU
		{27DC5759-DEFE-4816-BED2-55BD12D9E966}.Release|Any CPU.Build.0 = Release|Any CPU
		{B3FDEA8E-20F3-4BE3-B73A-505B45BA9501}.Debug|Any CPU.ActiveCfg = Debug|Any CPU
		{B3FDEA8E-20F3-4BE3-B73A-505B45BA9501}.Debug|Any CPU.Build.0 = Debug|Any CPU
		{B3FDEA8E-20F3-4BE3-B73A-505B45BA9501}.Release|Any CPU.ActiveCfg = Release|Any CPU
		{B3FDEA8E-20F3-4BE3-B73A-505B45BA9501}.Release|Any CPU.Build.0 = Release|Any CPU
		{236FAFD0-C812-456B-BB9E-3D975B21801A}.Debug|Any CPU.ActiveCfg = Debug|Any CPU
		{236FAFD0-C812-456B-BB9E-3D975B21801A}.Debug|Any CPU.Build.0 = Debug|Any CPU
		{236FAFD0-C812-456B-BB9E-3D975B21801A}.Release|Any CPU.ActiveCfg = Release|Any CPU
		{236FAFD0-C812-456B-BB9E-3D975B21801A}.Release|Any CPU.Build.0 = Release|Any CPU
		{CA3A04F3-51F2-43F5-90BD-14A0BF71CFBB}.Debug|Any CPU.ActiveCfg = Debug|Any CPU
		{CA3A04F3-51F2-43F5-90BD-14A0BF71CFBB}.Debug|Any CPU.Build.0 = Debug|Any CPU
		{CA3A04F3-51F2-43F5-90BD-14A0BF71CFBB}.Release|Any CPU.ActiveCfg = Release|Any CPU
		{CA3A04F3-51F2-43F5-90BD-14A0BF71CFBB}.Release|Any CPU.Build.0 = Release|Any CPU
		{9C996D8B-6C96-4FE9-B225-D47E73A061C5}.Debug|Any CPU.ActiveCfg = Debug|Any CPU
		{9C996D8B-6C96-4FE9-B225-D47E73A061C5}.Debug|Any CPU.Build.0 = Debug|Any CPU
		{9C996D8B-6C96-4FE9-B225-D47E73A061C5}.Release|Any CPU.ActiveCfg = Release|Any CPU
		{9C996D8B-6C96-4FE9-B225-D47E73A061C5}.Release|Any CPU.Build.0 = Release|Any CPU
		{7DA7CB3F-399D-43E6-A73B-5AE68B766B11}.Debug|Any CPU.ActiveCfg = Debug|Any CPU
		{7DA7CB3F-399D-43E6-A73B-5AE68B766B11}.Debug|Any CPU.Build.0 = Debug|Any CPU
		{7DA7CB3F-399D-43E6-A73B-5AE68B766B11}.Release|Any CPU.ActiveCfg = Release|Any CPU
		{7DA7CB3F-399D-43E6-A73B-5AE68B766B11}.Release|Any CPU.Build.0 = Release|Any CPU
		{7612896C-E2F5-45C9-84E5-0EE72D3DAA6A}.Debug|Any CPU.ActiveCfg = Debug|Any CPU
		{7612896C-E2F5-45C9-84E5-0EE72D3DAA6A}.Debug|Any CPU.Build.0 = Debug|Any CPU
		{7612896C-E2F5-45C9-84E5-0EE72D3DAA6A}.Release|Any CPU.ActiveCfg = Release|Any CPU
		{7612896C-E2F5-45C9-84E5-0EE72D3DAA6A}.Release|Any CPU.Build.0 = Release|Any CPU
	EndGlobalSection
	GlobalSection(SolutionProperties) = preSolution
		HideSolutionNode = FALSE
	EndGlobalSection
	GlobalSection(NestedProjects) = preSolution
		{D77C44F8-3D53-4383-AD63-1FF45048A059} = {58C7D44A-A9F6-4993-A8AF-ED42E1351043}
		{27DC5759-DEFE-4816-BED2-55BD12D9E966} = {58C7D44A-A9F6-4993-A8AF-ED42E1351043}
		{B3FDEA8E-20F3-4BE3-B73A-505B45BA9501} = {A8D7BAB1-9610-45CD-9BD7-25DEAE5D2974}
		{236FAFD0-C812-456B-BB9E-3D975B21801A} = {A8D7BAB1-9610-45CD-9BD7-25DEAE5D2974}
		{CA3A04F3-51F2-43F5-90BD-14A0BF71CFBB} = {C612AA2D-0DF5-4E0B-99D4-E1A7D2245ACE}
		{9C996D8B-6C96-4FE9-B225-D47E73A061C5} = {5822D924-D506-42FF-9BBD-16F68115660C}
		{7DA7CB3F-399D-43E6-A73B-5AE68B766B11} = {5822D924-D506-42FF-9BBD-16F68115660C}
		{7612896C-E2F5-45C9-84E5-0EE72D3DAA6A} = {4F51DB69-355D-4B3A-A866-3FAC6BE5826E}
	EndGlobalSection
EndGlobal
